
Microsoft Visual Studio Solution File, Format Version 12.00
# Visual Studio 15
VisualStudioVersion = 15.0.27130.2027
MinimumVisualStudioVersion = 10.0.40219.1
Project("{888888A0-9F3D-457C-B088-3A5042F75D52}") = "Homework_1", "Homework_1\Homework_1.pyproj", "{5783270C-66DC-4BBC-8281-E24369E6204C}"
EndProject
Global
	GlobalSection(SolutionConfigurationPlatforms) = preSolution
		Debug|Any CPU = Debug|Any CPU
		Release|Any CPU = Release|Any CPU
	EndGlobalSection
	GlobalSection(ProjectConfigurationPlatforms) = postSolution
		{5783270C-66DC-4BBC-8281-E24369E6204C}.Debug|Any CPU.ActiveCfg = Debug|Any CPU
		{5783270C-66DC-4BBC-8281-E24369E6204C}.Release|Any CPU.ActiveCfg = Release|Any CPU
	EndGlobalSection
	GlobalSection(SolutionProperties) = preSolution
		HideSolutionNode = FALSE
	EndGlobalSection
	GlobalSection(ExtensibilityGlobals) = postSolution
		SolutionGuid = {060CF634-3624-4CD5-884A-30F8D7C6BE6E}
	EndGlobalSection
EndGlobal
